{
  "object": {
    "pins": [
      {
        "package": "swift-concurrency-extras",
        "repositoryURL": "git@github.com:matheus-air/swift-concurrency-extras",
        "state": {
          "branch": "ios-11-compatibility",
          "revision": "6a581b82cfa81af3a937e2c78b3bc40d62d9f120",
          "version": null
        }
      },
      {
        "package": "xctest-dynamic-overlay",
        "repositoryURL": "git@github.com:matheus-air/xctest-dynamic-overlay",
        "state": {
          "branch": "ios-11-compatibility",
          "revision": "623a0f8757c530d495558e4f1eddef17cf93f6e8",
          "version": null
        }
      }
    ]
  },
  "version": 1
}
